
Microsoft Visual Studio Solution File, Format Version 12.00
# Visual Studio 14
VisualStudioVersion = 14.0.25123.0
MinimumVisualStudioVersion = 10.0.40219.1
Project("{FAE04EC0-301F-11D3-BF4B-00C04F79EFBC}") = "UserInterface", "UserInterface\UserInterface.csproj", "{78A7B9F4-393B-4AE6-82F7-A36F491F0885}"
EndProject
Project("{FAE04EC0-301F-11D3-BF4B-00C04F79EFBC}") = "Tcp_Server", "TCP-Server\Tcp_Server.csproj", "{AC0C89D0-91F4-4FB4-B4B6-D79E404574F4}"
EndProject
Project("{FAE04EC0-301F-11D3-BF4B-00C04F79EFBC}") = "Tcp_Client", "TCP-Client\Tcp_Client.csproj", "{F65092A3-81AF-4354-8546-1B82378D78D7}"
EndProject
Project("{FAE04EC0-301F-11D3-BF4B-00C04F79EFBC}") = "ServerData", "ServerData\ServerData.csproj", "{4F28D584-0FC9-4855-8E9A-A8539682C418}"
EndProject
Project("{FAE04EC0-301F-11D3-BF4B-00C04F79EFBC}") = "UserData", "UserData\UserData.csproj", "{B8517983-E803-41AA-A439-7C3766B402A6}"
EndProject
Project("{FAE04EC0-301F-11D3-BF4B-00C04F79EFBC}") = "CommonData", "CommonData\CommonData.csproj", "{BBDBFDA6-8396-4E09-8672-C30E78BE9EB8}"
EndProject
Global
	GlobalSection(SolutionConfigurationPlatforms) = preSolution
		Debug|Any CPU = Debug|Any CPU
		Release|Any CPU = Release|Any CPU
	EndGlobalSection
	GlobalSection(ProjectConfigurationPlatforms) = postSolution
		{78A7B9F4-393B-4AE6-82F7-A36F491F0885}.Debug|Any CPU.ActiveCfg = Debug|Any CPU
		{78A7B9F4-393B-4AE6-82F7-A36F491F0885}.Debug|Any CPU.Build.0 = Debug|Any CPU
		{78A7B9F4-393B-4AE6-82F7-A36F491F0885}.Release|Any CPU.ActiveCfg = Release|Any CPU
		{78A7B9F4-393B-4AE6-82F7-A36F491F0885}.Release|Any CPU.Build.0 = Release|Any CPU
		{AC0C89D0-91F4-4FB4-B4B6-D79E404574F4}.Debug|Any CPU.ActiveCfg = Debug|Any CPU
		{AC0C89D0-91F4-4FB4-B4B6-D79E404574F4}.Debug|Any CPU.Build.0 = Debug|Any CPU
		{AC0C89D0-91F4-4FB4-B4B6-D79E404574F4}.Release|Any CPU.ActiveCfg = Release|Any CPU
		{AC0C89D0-91F4-4FB4-B4B6-D79E404574F4}.Release|Any CPU.Build.0 = Release|Any CPU
		{F65092A3-81AF-4354-8546-1B82378D78D7}.Debug|Any CPU.ActiveCfg = Debug|Any CPU
		{F65092A3-81AF-4354-8546-1B82378D78D7}.Debug|Any CPU.Build.0 = Debug|Any CPU
		{F65092A3-81AF-4354-8546-1B82378D78D7}.Release|Any CPU.ActiveCfg = Release|Any CPU
		{F65092A3-81AF-4354-8546-1B82378D78D7}.Release|Any CPU.Build.0 = Release|Any CPU
		{4F28D584-0FC9-4855-8E9A-A8539682C418}.Debug|Any CPU.ActiveCfg = Debug|Any CPU
		{4F28D584-0FC9-4855-8E9A-A8539682C418}.Debug|Any CPU.Build.0 = Debug|Any CPU
		{4F28D584-0FC9-4855-8E9A-A8539682C418}.Release|Any CPU.ActiveCfg = Release|Any CPU
		{4F28D584-0FC9-4855-8E9A-A8539682C418}.Release|Any CPU.Build.0 = Release|Any CPU
		{B8517983-E803-41AA-A439-7C3766B402A6}.Debug|Any CPU.ActiveCfg = Debug|Any CPU
		{B8517983-E803-41AA-A439-7C3766B402A6}.Debug|Any CPU.Build.0 = Debug|Any CPU
		{B8517983-E803-41AA-A439-7C3766B402A6}.Release|Any CPU.ActiveCfg = Release|Any CPU
		{B8517983-E803-41AA-A439-7C3766B402A6}.Release|Any CPU.Build.0 = Release|Any CPU
		{BBDBFDA6-8396-4E09-8672-C30E78BE9EB8}.Debug|Any CPU.ActiveCfg = Debug|Any CPU
		{BBDBFDA6-8396-4E09-8672-C30E78BE9EB8}.Debug|Any CPU.Build.0 = Debug|Any CPU
		{BBDBFDA6-8396-4E09-8672-C30E78BE9EB8}.Release|Any CPU.ActiveCfg = Release|Any CPU
		{BBDBFDA6-8396-4E09-8672-C30E78BE9EB8}.Release|Any CPU.Build.0 = Release|Any CPU
	EndGlobalSection
	GlobalSection(SolutionProperties) = preSolution
		HideSolutionNode = FALSE
	EndGlobalSection
EndGlobal
